
Microsoft Visual Studio Solution File, Format Version 12.00
# Visual Studio 15
VisualStudioVersion = 15.0.27130.2036
MinimumVisualStudioVersion = 10.0.40219.1
Project("{9A19103F-16F7-4668-BE54-9A1E7A4F7556}") = "Aupli", "Aupli\Aupli.csproj", "{6DE238E8-E187-45F4-AADF-D251B182A9C8}"
EndProject
Project("{9A19103F-16F7-4668-BE54-9A1E7A4F7556}") = "MpcNET", "..\..\MpcNET\Sources\MpcNET\MpcNET.csproj", "{F1792063-08AF-42C0-A009-94EE09A75B45}"
EndProject
Project("{9A19103F-16F7-4668-BE54-9A1E7A4F7556}") = "Sundew.Pi.ApplicationFramework", "..\..\Sundew.Pi.ApplicationFramework\Sources\Sundew.Pi.ApplicationFramework\Sundew.Pi.ApplicationFramework.csproj", "{32FBD440-E23F-4ED1-9D94-C6D498C42E1D}"
EndProject
Project("{9A19103F-16F7-4668-BE54-9A1E7A4F7556}") = "Sundew.Pi.IO.Devices", "..\..\Sundew.Pi.ApplicationFramework\Sources\Sundew.Pi.IO.Devices\Sundew.Pi.IO.Devices.csproj", "{00A159C8-DE26-4E2F-8B31-FFCC94DDBB09}"
EndProject
Project("{2150E333-8FDC-42A3-9474-1A3956D46DE8}") = "1. Applications", "1. Applications", "{EA39B171-6469-4C9D-80DD-246E4B46730E}"
EndProject
Project("{2150E333-8FDC-42A3-9474-1A3956D46DE8}") = "2. SystemBoundaries", "2. SystemBoundaries", "{A4493920-11E4-48B0-878F-A388C9824F28}"
EndProject
Project("{2150E333-8FDC-42A3-9474-1A3956D46DE8}") = "3. ApplicationServices", "3. ApplicationServices", "{53494F2D-2D6D-4E19-81A5-7FEFCBF8D193}"
EndProject
Project("{2150E333-8FDC-42A3-9474-1A3956D46DE8}") = "4. DomainServices", "4. DomainServices", "{FDA8860A-6594-4F92-BE02-9E253D9FF3A7}"
EndProject
Project("{2150E333-8FDC-42A3-9474-1A3956D46DE8}") = "5. Domain", "5. Domain", "{11EEA677-3514-49EB-A59E-7B58D5C9778C}"
EndProject
Project("{9A19103F-16F7-4668-BE54-9A1E7A4F7556}") = "Aupli.SystemBoundaries.UserInterface.Player", "Aupli.SystemBoundaries.UserInterface.Player\Aupli.SystemBoundaries.UserInterface.Player.csproj", "{990552A5-2012-4155-85D7-4A191B76AB09}"
EndProject
Project("{9A19103F-16F7-4668-BE54-9A1E7A4F7556}") = "Aupli.SystemBoundaries.UserInterface.StartUp", "Aupli.SystemBoundaries.UserInterface.StartUp\Aupli.SystemBoundaries.UserInterface.StartUp.csproj", "{7ED3B37F-9D5D-4DA9-BA97-E564CCE1D57E}"
EndProject
Project("{9A19103F-16F7-4668-BE54-9A1E7A4F7556}") = "Aupli.SystemBoundaries.UserInterface.Shutdown", "Aupli.SystemBoundaries.UserInterface.Shutdown\Aupli.SystemBoundaries.UserInterface.Shutdown.csproj", "{F87C590B-5BAF-4218-B20E-1ECA3E499C44}"
EndProject
Project("{9A19103F-16F7-4668-BE54-9A1E7A4F7556}") = "Aupli.SystemBoundaries.UserInterface.Menu", "Aupli.SystemBoundaries.UserInterface.Menu\Aupli.SystemBoundaries.UserInterface.Menu.csproj", "{1BA4E66F-69FE-479B-BE8C-274B7F9F5B7B}"
EndProject
Project("{9A19103F-16F7-4668-BE54-9A1E7A4F7556}") = "Aupli.SystemBoundaries.Mpc", "Aupli.SystemBoundaries.Mpc\Aupli.SystemBoundaries.Mpc.csproj", "{9D10C67D-A8A1-4A61-B86F-31972B120D7C}"
EndProject
Project("{2150E333-8FDC-42A3-9474-1A3956D46DE8}") = "Libraries", "Libraries", "{9621B20B-DC96-469B-9877-29898A2B3A31}"
EndProject
Project("{2150E333-8FDC-42A3-9474-1A3956D46DE8}") = "Frameworks", "Frameworks", "{805407F0-BBEB-445E-B983-014939B71DD7}"
EndProject
Project("{9A19103F-16F7-4668-BE54-9A1E7A4F7556}") = "Aupli.SystemBoundaries.UserInterface.Input", "Aupli.SystemBoundaries.UserInterface.Input\Aupli.SystemBoundaries.UserInterface.Input.csproj", "{B05B533E-9356-4971-8F36-9E7998E89115}"
EndProject
Project("{9A19103F-16F7-4668-BE54-9A1E7A4F7556}") = "Aupli.SystemBoundaries.UserInterface.Volume", "Aupli.SystemBoundaries.UserInterface.Volume\Aupli.SystemBoundaries.UserInterface.Volume.csproj", "{4982AD94-5BE8-449C-9EA0-CD171341F7D4}"
EndProject
Project("{2150E333-8FDC-42A3-9474-1A3956D46DE8}") = "UserInterface", "UserInterface", "{D455C3DC-58C1-49EA-BEC7-4DADC266A54B}"
EndProject
Project("{9A19103F-16F7-4668-BE54-9A1E7A4F7556}") = "Aupli.Domain.Volume", "Aupli.Domain.Volume\Aupli.Domain.Volume.csproj", "{31F2F3F5-31E5-4323-8222-F73A888C347B}"
EndProject
Project("{9A19103F-16F7-4668-BE54-9A1E7A4F7556}") = "Aupli.Domain.Playlist", "Aupli.Domain.Playlist\Aupli.Domain.Playlist.csproj", "{23A70ED0-77B7-481C-8270-195911CD7EB3}"
EndProject
Project("{9A19103F-16F7-4668-BE54-9A1E7A4F7556}") = "Aupli.DomainServices.Volume", "Aupli.DomainServices.Volume\Aupli.DomainServices.Volume.csproj", "{17D281D6-532D-446F-8525-DA2905BA2DCB}"
EndProject
Project("{9A19103F-16F7-4668-BE54-9A1E7A4F7556}") = "Aupli.DomainServices.Playlist", "Aupli.DomainServices.Playlist\Aupli.DomainServices.Playlist.csproj", "{990EECC6-85D6-4B79-8F31-B8F2631F2FDF}"
EndProject
Project("{2150E333-8FDC-42A3-9474-1A3956D46DE8}") = "Pi", "Pi", "{1F1E057C-76DE-4B7B-B09A-4E79D2CFD977}"
EndProject
Project("{9A19103F-16F7-4668-BE54-9A1E7A4F7556}") = "Aupli.SystemBoundaries.Pi.Amplifier", "Aupli.SystemBoundaries.Pi.Amplifier\Aupli.SystemBoundaries.Pi.Amplifier.csproj", "{F97F4155-4DAB-48D6-BCC5-8B774067343C}"
EndProject
Project("{9A19103F-16F7-4668-BE54-9A1E7A4F7556}") = "Aupli.SystemBoundaries.Pi.Display", "Aupli.SystemBoundaries.Pi.Display\Aupli.SystemBoundaries.Pi.Display.csproj", "{7844D103-820F-4A12-B7EE-199CAEA00AA3}"
EndProject
Project("{9A19103F-16F7-4668-BE54-9A1E7A4F7556}") = "Aupli.SystemBoundaries.Pi.Interaction", "Aupli.SystemBoundaries.Pi.Interaction\Aupli.SystemBoundaries.Pi.Interaction.csproj", "{1ACB71CE-C155-4D67-A949-FE9F5DF5FFB2}"
EndProject
Project("{9A19103F-16F7-4668-BE54-9A1E7A4F7556}") = "Aupli.SystemBoundaries.Pi.SystemControl", "Aupli.SystemBoundaries.Pi.SystemControl\Aupli.SystemBoundaries.Pi.SystemControl.csproj", "{E4306D50-09A6-4FE7-B944-FE789A271E25}"
EndProject
Project("{2150E333-8FDC-42A3-9474-1A3956D46DE8}") = "OperatingSystem", "OperatingSystem", "{553F6E4B-EA97-4625-9E46-7C68CACF36EB}"
EndProject
Project("{9A19103F-16F7-4668-BE54-9A1E7A4F7556}") = "Aupli.SystemBoundaries.OperatingSystem.Rasbian", "Aupli.SystemBoundaries.OperatingSystem.Rasbian\Aupli.SystemBoundaries.OperatingSystem.Rasbian.csproj", "{E16FFA86-8AC0-4F6A-91AC-16E3FFD7BDC0}"
EndProject
Project("{2150E333-8FDC-42A3-9474-1A3956D46DE8}") = "Mpc", "Mpc", "{B2D1F823-9C20-4F0F-8679-98CB8C56A112}"
EndProject
Project("{2150E333-8FDC-42A3-9474-1A3956D46DE8}") = "Persistence", "Persistence", "{BCA0B758-52D2-4FD4-A80A-B1F0FF9CB14C}"
EndProject
Project("{9A19103F-16F7-4668-BE54-9A1E7A4F7556}") = "Aupli.SystemBoundaries.Persistence.Configuration", "Aupli.SystemBoundaries.Persistence.Configuration\Aupli.SystemBoundaries.Persistence.Configuration.csproj", "{E249B28C-EC0B-4DE4-A564-7BB30B167FB9}"
EndProject
Project("{9A19103F-16F7-4668-BE54-9A1E7A4F7556}") = "Aupli.SystemBoundaries.Persistence.Playlist", "Aupli.SystemBoundaries.Persistence.Playlist\Aupli.SystemBoundaries.Persistence.Playlist.csproj", "{9DF59AD3-090B-4FC8-951B-76B392880BC2}"
EndProject
Project("{9A19103F-16F7-4668-BE54-9A1E7A4F7556}") = "Aupli.SystemBoundaries.Persistence.Volume", "Aupli.SystemBoundaries.Persistence.Volume\Aupli.SystemBoundaries.Persistence.Volume.csproj", "{DE5BA9D7-745C-47D9-98C2-303A4A11CE05}"
EndProject
Project("{FAE04EC0-301F-11D3-BF4B-00C04F79EFBC}") = "Aupli.IntegrationTests", "Aupli.IntegrationTests\Aupli.IntegrationTests.csproj", "{E88280A5-CA31-46A7-A9BD-0C91ADBCD7DE}"
EndProject
Project("{9A19103F-16F7-4668-BE54-9A1E7A4F7556}") = "Aupli.Bootstrapping", "Aupli.Bootstrapping\Aupli.Bootstrapping.csproj", "{B744F4C0-858F-440E-AE10-1E1562A8BA9A}"
EndProject
Global
	GlobalSection(SolutionConfigurationPlatforms) = preSolution
		Debug|Any CPU = Debug|Any CPU
		Release|Any CPU = Release|Any CPU
	EndGlobalSection
	GlobalSection(ProjectConfigurationPlatforms) = postSolution
		{6DE238E8-E187-45F4-AADF-D251B182A9C8}.Debug|Any CPU.ActiveCfg = Debug|Any CPU
		{6DE238E8-E187-45F4-AADF-D251B182A9C8}.Debug|Any CPU.Build.0 = Debug|Any CPU
		{6DE238E8-E187-45F4-AADF-D251B182A9C8}.Release|Any CPU.ActiveCfg = Release|Any CPU
		{6DE238E8-E187-45F4-AADF-D251B182A9C8}.Release|Any CPU.Build.0 = Release|Any CPU
		{F1792063-08AF-42C0-A009-94EE09A75B45}.Debug|Any CPU.ActiveCfg = Debug|Any CPU
		{F1792063-08AF-42C0-A009-94EE09A75B45}.Debug|Any CPU.Build.0 = Debug|Any CPU
		{F1792063-08AF-42C0-A009-94EE09A75B45}.Release|Any CPU.ActiveCfg = Release|Any CPU
		{F1792063-08AF-42C0-A009-94EE09A75B45}.Release|Any CPU.Build.0 = Release|Any CPU
		{32FBD440-E23F-4ED1-9D94-C6D498C42E1D}.Debug|Any CPU.ActiveCfg = Debug|Any CPU
		{32FBD440-E23F-4ED1-9D94-C6D498C42E1D}.Debug|Any CPU.Build.0 = Debug|Any CPU
		{32FBD440-E23F-4ED1-9D94-C6D498C42E1D}.Release|Any CPU.ActiveCfg = Release|Any CPU
		{32FBD440-E23F-4ED1-9D94-C6D498C42E1D}.Release|Any CPU.Build.0 = Release|Any CPU
		{00A159C8-DE26-4E2F-8B31-FFCC94DDBB09}.Debug|Any CPU.ActiveCfg = Debug|Any CPU
		{00A159C8-DE26-4E2F-8B31-FFCC94DDBB09}.Debug|Any CPU.Build.0 = Debug|Any CPU
		{00A159C8-DE26-4E2F-8B31-FFCC94DDBB09}.Release|Any CPU.ActiveCfg = Release|Any CPU
		{00A159C8-DE26-4E2F-8B31-FFCC94DDBB09}.Release|Any CPU.Build.0 = Release|Any CPU
		{990552A5-2012-4155-85D7-4A191B76AB09}.Debug|Any CPU.ActiveCfg = Debug|Any CPU
		{990552A5-2012-4155-85D7-4A191B76AB09}.Debug|Any CPU.Build.0 = Debug|Any CPU
		{990552A5-2012-4155-85D7-4A191B76AB09}.Release|Any CPU.ActiveCfg = Release|Any CPU
		{990552A5-2012-4155-85D7-4A191B76AB09}.Release|Any CPU.Build.0 = Release|Any CPU
		{7ED3B37F-9D5D-4DA9-BA97-E564CCE1D57E}.Debug|Any CPU.ActiveCfg = Debug|Any CPU
		{7ED3B37F-9D5D-4DA9-BA97-E564CCE1D57E}.Debug|Any CPU.Build.0 = Debug|Any CPU
		{7ED3B37F-9D5D-4DA9-BA97-E564CCE1D57E}.Release|Any CPU.ActiveCfg = Release|Any CPU
		{7ED3B37F-9D5D-4DA9-BA97-E564CCE1D57E}.Release|Any CPU.Build.0 = Release|Any CPU
		{F87C590B-5BAF-4218-B20E-1ECA3E499C44}.Debug|Any CPU.ActiveCfg = Debug|Any CPU
		{F87C590B-5BAF-4218-B20E-1ECA3E499C44}.Debug|Any CPU.Build.0 = Debug|Any CPU
		{F87C590B-5BAF-4218-B20E-1ECA3E499C44}.Release|Any CPU.ActiveCfg = Release|Any CPU
		{F87C590B-5BAF-4218-B20E-1ECA3E499C44}.Release|Any CPU.Build.0 = Release|Any CPU
		{1BA4E66F-69FE-479B-BE8C-274B7F9F5B7B}.Debug|Any CPU.ActiveCfg = Debug|Any CPU
		{1BA4E66F-69FE-479B-BE8C-274B7F9F5B7B}.Debug|Any CPU.Build.0 = Debug|Any CPU
		{1BA4E66F-69FE-479B-BE8C-274B7F9F5B7B}.Release|Any CPU.ActiveCfg = Release|Any CPU
		{1BA4E66F-69FE-479B-BE8C-274B7F9F5B7B}.Release|Any CPU.Build.0 = Release|Any CPU
		{9D10C67D-A8A1-4A61-B86F-31972B120D7C}.Debug|Any CPU.ActiveCfg = Debug|Any CPU
		{9D10C67D-A8A1-4A61-B86F-31972B120D7C}.Debug|Any CPU.Build.0 = Debug|Any CPU
		{9D10C67D-A8A1-4A61-B86F-31972B120D7C}.Release|Any CPU.ActiveCfg = Release|Any CPU
		{9D10C67D-A8A1-4A61-B86F-31972B120D7C}.Release|Any CPU.Build.0 = Release|Any CPU
		{B05B533E-9356-4971-8F36-9E7998E89115}.Debug|Any CPU.ActiveCfg = Debug|Any CPU
		{B05B533E-9356-4971-8F36-9E7998E89115}.Debug|Any CPU.Build.0 = Debug|Any CPU
		{B05B533E-9356-4971-8F36-9E7998E89115}.Release|Any CPU.ActiveCfg = Release|Any CPU
		{B05B533E-9356-4971-8F36-9E7998E89115}.Release|Any CPU.Build.0 = Release|Any CPU
		{4982AD94-5BE8-449C-9EA0-CD171341F7D4}.Debug|Any CPU.ActiveCfg = Debug|Any CPU
		{4982AD94-5BE8-449C-9EA0-CD171341F7D4}.Debug|Any CPU.Build.0 = Debug|Any CPU
		{4982AD94-5BE8-449C-9EA0-CD171341F7D4}.Release|Any CPU.ActiveCfg = Release|Any CPU
		{4982AD94-5BE8-449C-9EA0-CD171341F7D4}.Release|Any CPU.Build.0 = Release|Any CPU
		{31F2F3F5-31E5-4323-8222-F73A888C347B}.Debug|Any CPU.ActiveCfg = Debug|Any CPU
		{31F2F3F5-31E5-4323-8222-F73A888C347B}.Debug|Any CPU.Build.0 = Debug|Any CPU
		{31F2F3F5-31E5-4323-8222-F73A888C347B}.Release|Any CPU.ActiveCfg = Release|Any CPU
		{31F2F3F5-31E5-4323-8222-F73A888C347B}.Release|Any CPU.Build.0 = Release|Any CPU
		{23A70ED0-77B7-481C-8270-195911CD7EB3}.Debug|Any CPU.ActiveCfg = Debug|Any CPU
		{23A70ED0-77B7-481C-8270-195911CD7EB3}.Debug|Any CPU.Build.0 = Debug|Any CPU
		{23A70ED0-77B7-481C-8270-195911CD7EB3}.Release|Any CPU.ActiveCfg = Release|Any CPU
		{23A70ED0-77B7-481C-8270-195911CD7EB3}.Release|Any CPU.Build.0 = Release|Any CPU
		{17D281D6-532D-446F-8525-DA2905BA2DCB}.Debug|Any CPU.ActiveCfg = Debug|Any CPU
		{17D281D6-532D-446F-8525-DA2905BA2DCB}.Debug|Any CPU.Build.0 = Debug|Any CPU
		{17D281D6-532D-446F-8525-DA2905BA2DCB}.Release|Any CPU.ActiveCfg = Release|Any CPU
		{17D281D6-532D-446F-8525-DA2905BA2DCB}.Release|Any CPU.Build.0 = Release|Any CPU
		{990EECC6-85D6-4B79-8F31-B8F2631F2FDF}.Debug|Any CPU.ActiveCfg = Debug|Any CPU
		{990EECC6-85D6-4B79-8F31-B8F2631F2FDF}.Debug|Any CPU.Build.0 = Debug|Any CPU
		{990EECC6-85D6-4B79-8F31-B8F2631F2FDF}.Release|Any CPU.ActiveCfg = Release|Any CPU
		{990EECC6-85D6-4B79-8F31-B8F2631F2FDF}.Release|Any CPU.Build.0 = Release|Any CPU
		{F97F4155-4DAB-48D6-BCC5-8B774067343C}.Debug|Any CPU.ActiveCfg = Debug|Any CPU
		{F97F4155-4DAB-48D6-BCC5-8B774067343C}.Debug|Any CPU.Build.0 = Debug|Any CPU
		{F97F4155-4DAB-48D6-BCC5-8B774067343C}.Release|Any CPU.ActiveCfg = Release|Any CPU
		{F97F4155-4DAB-48D6-BCC5-8B774067343C}.Release|Any CPU.Build.0 = Release|Any CPU
		{7844D103-820F-4A12-B7EE-199CAEA00AA3}.Debug|Any CPU.ActiveCfg = Debug|Any CPU
		{7844D103-820F-4A12-B7EE-199CAEA00AA3}.Debug|Any CPU.Build.0 = Debug|Any CPU
		{7844D103-820F-4A12-B7EE-199CAEA00AA3}.Release|Any CPU.ActiveCfg = Release|Any CPU
		{7844D103-820F-4A12-B7EE-199CAEA00AA3}.Release|Any CPU.Build.0 = Release|Any CPU
		{1ACB71CE-C155-4D67-A949-FE9F5DF5FFB2}.Debug|Any CPU.ActiveCfg = Debug|Any CPU
		{1ACB71CE-C155-4D67-A949-FE9F5DF5FFB2}.Debug|Any CPU.Build.0 = Debug|Any CPU
		{1ACB71CE-C155-4D67-A949-FE9F5DF5FFB2}.Release|Any CPU.ActiveCfg = Release|Any CPU
		{1ACB71CE-C155-4D67-A949-FE9F5DF5FFB2}.Release|Any CPU.Build.0 = Release|Any CPU
		{E4306D50-09A6-4FE7-B944-FE789A271E25}.Debug|Any CPU.ActiveCfg = Debug|Any CPU
		{E4306D50-09A6-4FE7-B944-FE789A271E25}.Debug|Any CPU.Build.0 = Debug|Any CPU
		{E4306D50-09A6-4FE7-B944-FE789A271E25}.Release|Any CPU.ActiveCfg = Release|Any CPU
		{E4306D50-09A6-4FE7-B944-FE789A271E25}.Release|Any CPU.Build.0 = Release|Any CPU
		{E16FFA86-8AC0-4F6A-91AC-16E3FFD7BDC0}.Debug|Any CPU.ActiveCfg = Debug|Any CPU
		{E16FFA86-8AC0-4F6A-91AC-16E3FFD7BDC0}.Debug|Any CPU.Build.0 = Debug|Any CPU
		{E16FFA86-8AC0-4F6A-91AC-16E3FFD7BDC0}.Release|Any CPU.ActiveCfg = Release|Any CPU
		{E16FFA86-8AC0-4F6A-91AC-16E3FFD7BDC0}.Release|Any CPU.Build.0 = Release|Any CPU
		{E249B28C-EC0B-4DE4-A564-7BB30B167FB9}.Debug|Any CPU.ActiveCfg = Debug|Any CPU
		{E249B28C-EC0B-4DE4-A564-7BB30B167FB9}.Debug|Any CPU.Build.0 = Debug|Any CPU
		{E249B28C-EC0B-4DE4-A564-7BB30B167FB9}.Release|Any CPU.ActiveCfg = Release|Any CPU
		{E249B28C-EC0B-4DE4-A564-7BB30B167FB9}.Release|Any CPU.Build.0 = Release|Any CPU
		{9DF59AD3-090B-4FC8-951B-76B392880BC2}.Debug|Any CPU.ActiveCfg = Debug|Any CPU
		{9DF59AD3-090B-4FC8-951B-76B392880BC2}.Debug|Any CPU.Build.0 = Debug|Any CPU
		{9DF59AD3-090B-4FC8-951B-76B392880BC2}.Release|Any CPU.ActiveCfg = Release|Any CPU
		{9DF59AD3-090B-4FC8-951B-76B392880BC2}.Release|Any CPU.Build.0 = Release|Any CPU
		{DE5BA9D7-745C-47D9-98C2-303A4A11CE05}.Debug|Any CPU.ActiveCfg = Debug|Any CPU
		{DE5BA9D7-745C-47D9-98C2-303A4A11CE05}.Debug|Any CPU.Build.0 = Debug|Any CPU
		{DE5BA9D7-745C-47D9-98C2-303A4A11CE05}.Release|Any CPU.ActiveCfg = Release|Any CPU
		{DE5BA9D7-745C-47D9-98C2-303A4A11CE05}.Release|Any CPU.Build.0 = Release|Any CPU
		{E88280A5-CA31-46A7-A9BD-0C91ADBCD7DE}.Debug|Any CPU.ActiveCfg = Debug|Any CPU
		{E88280A5-CA31-46A7-A9BD-0C91ADBCD7DE}.Debug|Any CPU.Build.0 = Debug|Any CPU
		{E88280A5-CA31-46A7-A9BD-0C91ADBCD7DE}.Release|Any CPU.ActiveCfg = Release|Any CPU
		{E88280A5-CA31-46A7-A9BD-0C91ADBCD7DE}.Release|Any CPU.Build.0 = Release|Any CPU
		{B744F4C0-858F-440E-AE10-1E1562A8BA9A}.Debug|Any CPU.ActiveCfg = Debug|Any CPU
		{B744F4C0-858F-440E-AE10-1E1562A8BA9A}.Debug|Any CPU.Build.0 = Debug|Any CPU
		{B744F4C0-858F-440E-AE10-1E1562A8BA9A}.Release|Any CPU.ActiveCfg = Release|Any CPU
		{B744F4C0-858F-440E-AE10-1E1562A8BA9A}.Release|Any CPU.Build.0 = Release|Any CPU
	EndGlobalSection
	GlobalSection(SolutionProperties) = preSolution
		HideSolutionNode = FALSE
	EndGlobalSection
	GlobalSection(NestedProjects) = preSolution
		{6DE238E8-E187-45F4-AADF-D251B182A9C8} = {EA39B171-6469-4C9D-80DD-246E4B46730E}
		{F1792063-08AF-42C0-A009-94EE09A75B45} = {9621B20B-DC96-469B-9877-29898A2B3A31}
		{32FBD440-E23F-4ED1-9D94-C6D498C42E1D} = {805407F0-BBEB-445E-B983-014939B71DD7}
		{00A159C8-DE26-4E2F-8B31-FFCC94DDBB09} = {805407F0-BBEB-445E-B983-014939B71DD7}
		{990552A5-2012-4155-85D7-4A191B76AB09} = {D455C3DC-58C1-49EA-BEC7-4DADC266A54B}
		{7ED3B37F-9D5D-4DA9-BA97-E564CCE1D57E} = {D455C3DC-58C1-49EA-BEC7-4DADC266A54B}
		{F87C590B-5BAF-4218-B20E-1ECA3E499C44} = {D455C3DC-58C1-49EA-BEC7-4DADC266A54B}
		{1BA4E66F-69FE-479B-BE8C-274B7F9F5B7B} = {D455C3DC-58C1-49EA-BEC7-4DADC266A54B}
		{9D10C67D-A8A1-4A61-B86F-31972B120D7C} = {B2D1F823-9C20-4F0F-8679-98CB8C56A112}
		{9621B20B-DC96-469B-9877-29898A2B3A31} = {A4493920-11E4-48B0-878F-A388C9824F28}
		{805407F0-BBEB-445E-B983-014939B71DD7} = {A4493920-11E4-48B0-878F-A388C9824F28}
		{B05B533E-9356-4971-8F36-9E7998E89115} = {D455C3DC-58C1-49EA-BEC7-4DADC266A54B}
		{4982AD94-5BE8-449C-9EA0-CD171341F7D4} = {D455C3DC-58C1-49EA-BEC7-4DADC266A54B}
		{D455C3DC-58C1-49EA-BEC7-4DADC266A54B} = {A4493920-11E4-48B0-878F-A388C9824F28}
		{31F2F3F5-31E5-4323-8222-F73A888C347B} = {11EEA677-3514-49EB-A59E-7B58D5C9778C}
		{23A70ED0-77B7-481C-8270-195911CD7EB3} = {11EEA677-3514-49EB-A59E-7B58D5C9778C}
		{17D281D6-532D-446F-8525-DA2905BA2DCB} = {FDA8860A-6594-4F92-BE02-9E253D9FF3A7}
		{990EECC6-85D6-4B79-8F31-B8F2631F2FDF} = {FDA8860A-6594-4F92-BE02-9E253D9FF3A7}
		{1F1E057C-76DE-4B7B-B09A-4E79D2CFD977} = {A4493920-11E4-48B0-878F-A388C9824F28}
		{F97F4155-4DAB-48D6-BCC5-8B774067343C} = {1F1E057C-76DE-4B7B-B09A-4E79D2CFD977}
		{7844D103-820F-4A12-B7EE-199CAEA00AA3} = {1F1E057C-76DE-4B7B-B09A-4E79D2CFD977}
		{1ACB71CE-C155-4D67-A949-FE9F5DF5FFB2} = {1F1E057C-76DE-4B7B-B09A-4E79D2CFD977}
		{E4306D50-09A6-4FE7-B944-FE789A271E25} = {1F1E057C-76DE-4B7B-B09A-4E79D2CFD977}
		{553F6E4B-EA97-4625-9E46-7C68CACF36EB} = {A4493920-11E4-48B0-878F-A388C9824F28}
		{E16FFA86-8AC0-4F6A-91AC-16E3FFD7BDC0} = {553F6E4B-EA97-4625-9E46-7C68CACF36EB}
		{B2D1F823-9C20-4F0F-8679-98CB8C56A112} = {A4493920-11E4-48B0-878F-A388C9824F28}
		{BCA0B758-52D2-4FD4-A80A-B1F0FF9CB14C} = {A4493920-11E4-48B0-878F-A388C9824F28}
		{E249B28C-EC0B-4DE4-A564-7BB30B167FB9} = {BCA0B758-52D2-4FD4-A80A-B1F0FF9CB14C}
		{9DF59AD3-090B-4FC8-951B-76B392880BC2} = {BCA0B758-52D2-4FD4-A80A-B1F0FF9CB14C}
		{DE5BA9D7-745C-47D9-98C2-303A4A11CE05} = {BCA0B758-52D2-4FD4-A80A-B1F0FF9CB14C}
		{E88280A5-CA31-46A7-A9BD-0C91ADBCD7DE} = {EA39B171-6469-4C9D-80DD-246E4B46730E}
		{B744F4C0-858F-440E-AE10-1E1562A8BA9A} = {EA39B171-6469-4C9D-80DD-246E4B46730E}
	EndGlobalSection
	GlobalSection(ExtensibilityGlobals) = postSolution
		SolutionGuid = {704D5198-3C78-4CA5-BE36-E5589EA04663}
	EndGlobalSection
EndGlobal
