
Microsoft Visual Studio Solution File, Format Version 12.00
# Visual Studio 15
VisualStudioVersion = 15.0.27130.2036
MinimumVisualStudioVersion = 10.0.40219.1
Project("{FAE04EC0-301F-11D3-BF4B-00C04F79EFBC}") = "Aupli.IntegrationTests", "Aupli.IntegrationTests\Aupli.IntegrationTests.csproj", "{E88280A5-CA31-46A7-A9BD-0C91ADBCD7DE}"
EndProject
Project("{9A19103F-16F7-4668-BE54-9A1E7A4F7556}") = "Aupli", "Aupli\Aupli.csproj", "{72DD8955-A9CB-48D2-A77F-43408839B4DA}"
EndProject
Project("{9A19103F-16F7-4668-BE54-9A1E7A4F7556}") = "Aupli.SplashScreen", "Aupli.SplashScreen\Aupli.SplashScreen.csproj", "{D0E4C713-8A95-4A5A-B094-86429C38F556}"
EndProject
Global
	GlobalSection(SolutionConfigurationPlatforms) = preSolution
		Debug|Any CPU = Debug|Any CPU
		Release|Any CPU = Release|Any CPU
	EndGlobalSection
	GlobalSection(ProjectConfigurationPlatforms) = postSolution
		{E88280A5-CA31-46A7-A9BD-0C91ADBCD7DE}.Debug|Any CPU.ActiveCfg = Debug|Any CPU
		{E88280A5-CA31-46A7-A9BD-0C91ADBCD7DE}.Debug|Any CPU.Build.0 = Debug|Any CPU
		{E88280A5-CA31-46A7-A9BD-0C91ADBCD7DE}.Release|Any CPU.ActiveCfg = Release|Any CPU
		{E88280A5-CA31-46A7-A9BD-0C91ADBCD7DE}.Release|Any CPU.Build.0 = Release|Any CPU
		{72DD8955-A9CB-48D2-A77F-43408839B4DA}.Debug|Any CPU.ActiveCfg = Debug|Any CPU
		{72DD8955-A9CB-48D2-A77F-43408839B4DA}.Debug|Any CPU.Build.0 = Debug|Any CPU
		{72DD8955-A9CB-48D2-A77F-43408839B4DA}.Release|Any CPU.ActiveCfg = Release|Any CPU
		{72DD8955-A9CB-48D2-A77F-43408839B4DA}.Release|Any CPU.Build.0 = Release|Any CPU
		{D0E4C713-8A95-4A5A-B094-86429C38F556}.Debug|Any CPU.ActiveCfg = Debug|Any CPU
		{D0E4C713-8A95-4A5A-B094-86429C38F556}.Debug|Any CPU.Build.0 = Debug|Any CPU
		{D0E4C713-8A95-4A5A-B094-86429C38F556}.Release|Any CPU.ActiveCfg = Release|Any CPU
		{D0E4C713-8A95-4A5A-B094-86429C38F556}.Release|Any CPU.Build.0 = Release|Any CPU
	EndGlobalSection
	GlobalSection(SolutionProperties) = preSolution
		HideSolutionNode = FALSE
	EndGlobalSection
	GlobalSection(ExtensibilityGlobals) = postSolution
		SolutionGuid = {704D5198-3C78-4CA5-BE36-E5589EA04663}
	EndGlobalSection
EndGlobal
